
Microsoft Visual Studio Solution File, Format Version 12.00
# Visual Studio Version 17
VisualStudioVersion = 17.3.32901.215
MinimumVisualStudioVersion = 10.0.40219.1
Project("{9A19103F-16F7-4668-BE54-9A1E7A4F7556}") = "IncidentesApp.Entidades", "IncidentesApp.Entidades\IncidentesApp.Entidades.csproj", "{BF562526-B0FE-461C-9491-DADACFFE2EC2}"
EndProject
Project("{9A19103F-16F7-4668-BE54-9A1E7A4F7556}") = "IncidentesApp.Repositorios", "IncidentesApp.Repositorios\IncidentesApp.Repositorios.csproj", "{A10AFFA7-39AA-443F-A7AC-46D85DF89B9C}"
EndProject
Project("{9A19103F-16F7-4668-BE54-9A1E7A4F7556}") = "IncidentesApp.Servicios", "IncidentesApp.Servicios\IncidentesApp.Servicios.csproj", "{61BF8E2C-B602-430A-90E6-EFF0F05498AA}"
EndProject
Project("{9A19103F-16F7-4668-BE54-9A1E7A4F7556}") = "IncidentesApp.GUI", "IncidentesApp.GUI\IncidentesApp.GUI.csproj", "{302DB973-4259-4EE9-A3FE-77E92D26ADB6}"
EndProject
Global
	GlobalSection(SolutionConfigurationPlatforms) = preSolution
		Debug|Any CPU = Debug|Any CPU
		Release|Any CPU = Release|Any CPU
	EndGlobalSection
	GlobalSection(ProjectConfigurationPlatforms) = postSolution
		{BF562526-B0FE-461C-9491-DADACFFE2EC2}.Debug|Any CPU.ActiveCfg = Debug|Any CPU
		{BF562526-B0FE-461C-9491-DADACFFE2EC2}.Debug|Any CPU.Build.0 = Debug|Any CPU
		{BF562526-B0FE-461C-9491-DADACFFE2EC2}.Release|Any CPU.ActiveCfg = Release|Any CPU
		{BF562526-B0FE-461C-9491-DADACFFE2EC2}.Release|Any CPU.Build.0 = Release|Any CPU
		{A10AFFA7-39AA-443F-A7AC-46D85DF89B9C}.Debug|Any CPU.ActiveCfg = Debug|Any CPU
		{A10AFFA7-39AA-443F-A7AC-46D85DF89B9C}.Debug|Any CPU.Build.0 = Debug|Any CPU
		{A10AFFA7-39AA-443F-A7AC-46D85DF89B9C}.Release|Any CPU.ActiveCfg = Release|Any CPU
		{A10AFFA7-39AA-443F-A7AC-46D85DF89B9C}.Release|Any CPU.Build.0 = Release|Any CPU
		{61BF8E2C-B602-430A-90E6-EFF0F05498AA}.Debug|Any CPU.ActiveCfg = Debug|Any CPU
		{61BF8E2C-B602-430A-90E6-EFF0F05498AA}.Debug|Any CPU.Build.0 = Debug|Any CPU
		{61BF8E2C-B602-430A-90E6-EFF0F05498AA}.Release|Any CPU.ActiveCfg = Release|Any CPU
		{61BF8E2C-B602-430A-90E6-EFF0F05498AA}.Release|Any CPU.Build.0 = Release|Any CPU
		{302DB973-4259-4EE9-A3FE-77E92D26ADB6}.Debug|Any CPU.ActiveCfg = Debug|Any CPU
		{302DB973-4259-4EE9-A3FE-77E92D26ADB6}.Debug|Any CPU.Build.0 = Debug|Any CPU
		{302DB973-4259-4EE9-A3FE-77E92D26ADB6}.Release|Any CPU.ActiveCfg = Release|Any CPU
		{302DB973-4259-4EE9-A3FE-77E92D26ADB6}.Release|Any CPU.Build.0 = Release|Any CPU
	EndGlobalSection
	GlobalSection(SolutionProperties) = preSolution
		HideSolutionNode = FALSE
	EndGlobalSection
	GlobalSection(ExtensibilityGlobals) = postSolution
		SolutionGuid = {62C3F27E-C6A2-405F-BD85-5EB29DFD8376}
	EndGlobalSection
EndGlobal
